
Microsoft Visual Studio Solution File, Format Version 12.00
# Visual Studio Version 16
VisualStudioVersion = 16.0.29709.97
MinimumVisualStudioVersion = 10.0.40219.1
Project("{9A19103F-16F7-4668-BE54-9A1E7A4F7556}") = "simple-feedback-service", "simple-feedback-service.csproj", "{646AB010-3A57-43B0-9FBB-1DE823A98ED1}"
EndProject
Project("{FAE04EC0-301F-11D3-BF4B-00C04F79EFBC}") = "SimpleFeedbackServiceTest", "..\SimpleFeedbackServiceTest\SimpleFeedbackServiceTest.csproj", "{590C4DBA-BBD3-44A1-85FD-B062A19FFD04}"
EndProject
Global
	GlobalSection(SolutionConfigurationPlatforms) = preSolution
		Debug|Any CPU = Debug|Any CPU
		Release|Any CPU = Release|Any CPU
	EndGlobalSection
	GlobalSection(ProjectConfigurationPlatforms) = postSolution
		{646AB010-3A57-43B0-9FBB-1DE823A98ED1}.Debug|Any CPU.ActiveCfg = Debug|Any CPU
		{646AB010-3A57-43B0-9FBB-1DE823A98ED1}.Debug|Any CPU.Build.0 = Debug|Any CPU
		{646AB010-3A57-43B0-9FBB-1DE823A98ED1}.Release|Any CPU.ActiveCfg = Release|Any CPU
		{646AB010-3A57-43B0-9FBB-1DE823A98ED1}.Release|Any CPU.Build.0 = Release|Any CPU
		{590C4DBA-BBD3-44A1-85FD-B062A19FFD04}.Debug|Any CPU.ActiveCfg = Debug|Any CPU
		{590C4DBA-BBD3-44A1-85FD-B062A19FFD04}.Debug|Any CPU.Build.0 = Debug|Any CPU
		{590C4DBA-BBD3-44A1-85FD-B062A19FFD04}.Release|Any CPU.ActiveCfg = Release|Any CPU
		{590C4DBA-BBD3-44A1-85FD-B062A19FFD04}.Release|Any CPU.Build.0 = Release|Any CPU
	EndGlobalSection
	GlobalSection(SolutionProperties) = preSolution
		HideSolutionNode = FALSE
	EndGlobalSection
	GlobalSection(ExtensibilityGlobals) = postSolution
		SolutionGuid = {3653474D-EC7B-49AA-A499-37A44CBF7098}
	EndGlobalSection
EndGlobal
